// !$*UTF8*$!
{
	archiveVersion = 1;
	classes = {
	};
	objectVersion = 46;
	objects = {

/* Begin PBXBuildFile section */
		3E9609ED18D5DF8300FE88C2 /* Foundation.framework in Frameworks */ = {isa = PBXBuildFile; fileRef = 3E9609EC18D5DF8300FE88C2 /* Foundation.framework */; };
		3E9609EF18D5DF8300FE88C2 /* CoreGraphics.framework in Frameworks */ = {isa = PBXBuildFile; fileRef = 3E9609EE18D5DF8300FE88C2 /* CoreGraphics.framework */; };
		3E9609F118D5DF8300FE88C2 /* UIKit.framework in Frameworks */ = {isa = PBXBuildFile; fileRef = 3E9609F018D5DF8300FE88C2 /* UIKit.framework */; };
		3E9609F718D5DF8400FE88C2 /* InfoPlist.strings in Resources */ = {isa = PBXBuildFile; fileRef = 3E9609F518D5DF8400FE88C2 /* InfoPlist.strings */; };
		3E9609F918D5DF8400FE88C2 /* main.m in Sources */ = {isa = PBXBuildFile; fileRef = 3E9609F818D5DF8400FE88C2 /* main.m */; };
		3E9609FD18D5DF8400FE88C2 /* RITAppDelegate.m in Sources */ = {isa = PBXBuildFile; fileRef = 3E9609FC18D5DF8400FE88C2 /* RITAppDelegate.m */; };
		3E960A0018D5DF8400FE88C2 /* Main.storyboard in Resources */ = {isa = PBXBuildFile; fileRef = 3E9609FE18D5DF8400FE88C2 /* Main.storyboard */; };
		3E960A0318D5DF8400FE88C2 /* RITViewController.m in Sources */ = {isa = PBXBuildFile; fileRef = 3E960A0218D5DF8400FE88C2 /* RITViewController.m */; };
		3E960A0518D5DF8400FE88C2 /* Images.xcassets in Resources */ = {isa = PBXBuildFile; fileRef = 3E960A0418D5DF8400FE88C2 /* Images.xcassets */; };
		3E960A0C18D5DF8400FE88C2 /* XCTest.framework in Frameworks */ = {isa = PBXBuildFile; fileRef = 3E960A0B18D5DF8400FE88C2 /* XCTest.framework */; };
		3E960A0D18D5DF8400FE88C2 /* Foundation.framework in Frameworks */ = {isa = PBXBuildFile; fileRef = 3E9609EC18D5DF8300FE88C2 /* Foundation.framework */; };
		3E960A0E18D5DF8400FE88C2 /* UIKit.framework in Frameworks */ = {isa = PBXBuildFile; fileRef = 3E9609F018D5DF8300FE88C2 /* UIKit.framework */; };
		3E960A1618D5DF8400FE88C2 /* InfoPlist.strings in Resources */ = {isa = PBXBuildFile; fileRef = 3E960A1418D5DF8400FE88C2 /* InfoPlist.strings */; };
		3E960A1818D5DF8400FE88C2 /* _304GesturesTestHWTests.m in Sources */ = {isa = PBXBuildFile; fileRef = 3E960A1718D5DF8400FE88C2 /* _304GesturesTestHWTests.m */; };
		3E960A2518D5DFC700FE88C2 /* Totoro.gif in Resources */ = {isa = PBXBuildFile; fileRef = 3E960A2318D5DFC700FE88C2 /* Totoro.gif */; };
		3E960A2918D5E00C00FE88C2 /* UIImageAnimatedGIF.m in Sources */ = {isa = PBXBuildFile; fileRef = 3E960A2818D5E00C00FE88C2 /* UIImageAnimatedGIF.m */; };
/* End PBXBuildFile section */

/* Begin PBXContainerItemProxy section */
		3E960A0F18D5DF8400FE88C2 /* PBXContainerItemProxy */ = {
			isa = PBXContainerItemProxy;
			containerPortal = 3E9609E118D5DF8300FE88C2 /* Project object */;
			proxyType = 1;
			remoteGlobalIDString = 3E9609E818D5DF8300FE88C2;
			remoteInfo = 2304GesturesTestHW;
		};
/* End PBXContainerItemProxy section */

/* Begin PBXFileReference section */
		3E9609E918D5DF8300FE88C2 /* 2304GesturesTestHW.app */ = {isa = PBXFileReference; explicitFileType = wrapper.application; includeInIndex = 0; path = 2304GesturesTestHW.app; sourceTree = BUILT_PRODUCTS_DIR; };
		3E9609EC18D5DF8300FE88C2 /* Foundation.framework */ = {isa = PBXFileReference; lastKnownFileType = wrapper.framework; name = Foundation.framework; path = System/Library/Frameworks/Foundation.framework; sourceTree = SDKROOT; };
		3E9609EE18D5DF8300FE88C2 /* CoreGraphics.framework */ = {isa = PBXFileReference; lastKnownFileType = wrapper.framework; name = CoreGraphics.framework; path = System/Library/Frameworks/CoreGraphics.framework; sourceTree = SDKROOT; };
		3E9609F018D5DF8300FE88C2 /* UIKit.framework */ = {isa = PBXFileReference; lastKnownFileType = wrapper.framework; name = UIKit.framework; path = System/Library/Frameworks/UIKit.framework; sourceTree = SDKROOT; };
		3E9609F418D5DF8400FE88C2 /* 2304GesturesTestHW-Info.plist */ = {isa = PBXFileReference; lastKnownFileType = text.plist.xml; path = "2304GesturesTestHW-Info.plist"; sourceTree = "<group>"; };
		3E9609F618D5DF8400FE88C2 /* en */ = {isa = PBXFileReference; lastKnownFileType = text.plist.strings; name = en; path = en.lproj/InfoPlist.strings; sourceTree = "<group>"; };
		3E9609F818D5DF8400FE88C2 /* main.m */ = {isa = PBXFileReference; lastKnownFileType = sourcecode.c.objc; path = main.m; sourceTree = "<group>"; };
		3E9609FA18D5DF8400FE88C2 /* 2304GesturesTestHW-Prefix.pch */ = {isa = PBXFileReference; lastKnownFileType = sourcecode.c.h; path = "2304GesturesTestHW-Prefix.pch"; sourceTree = "<group>"; };
		3E9609FB18D5DF8400FE88C2 /* RITAppDelegate.h */ = {isa = PBXFileReference; lastKnownFileType = sourcecode.c.h; path = RITAppDelegate.h; sourceTree = "<group>"; };
		3E9609FC18D5DF8400FE88C2 /* RITAppDelegate.m */ = {isa = PBXFileReference; lastKnownFileType = sourcecode.c.objc; path = RITAppDelegate.m; sourceTree = "<group>"; };
		3E9609FF18D5DF8400FE88C2 /* Base */ = {isa = PBXFileReference; lastKnownFileType = file.storyboard; name = Base; path = Base.lproj/Main.storyboard; sourceTree = "<group>"; };
		3E960A0118D5DF8400FE88C2 /* RITViewController.h */ = {isa = PBXFileReference; lastKnownFileType = sourcecode.c.h; path = RITViewController.h; sourceTree = "<group>"; };
		3E960A0218D5DF8400FE88C2 /* RITViewController.m */ = {isa = PBXFileReference; lastKnownFileType = sourcecode.c.objc; path = RITViewController.m; sourceTree = "<group>"; };
		3E960A0418D5DF8400FE88C2 /* Images.xcassets */ = {isa = PBXFileReference; lastKnownFileType = folder.assetcatalog; path = Images.xcassets; sourceTree = "<group>"; };
		3E960A0A18D5DF8400FE88C2 /* 2304GesturesTestHWTests.xctest */ = {isa = PBXFileReference; explicitFileType = wrapper.cfbundle; includeInIndex = 0; path = 2304GesturesTestHWTests.xctest; sourceTree = BUILT_PRODUCTS_DIR; };
		3E960A0B18D5DF8400FE88C2 /* XCTest.framework */ = {isa = PBXFileReference; lastKnownFileType = wrapper.framework; name = XCTest.framework; path = Library/Frameworks/XCTest.framework; sourceTree = DEVELOPER_DIR; };
		3E960A1318D5DF8400FE88C2 /* 2304GesturesTestHWTests-Info.plist */ = {isa = PBXFileReference; lastKnownFileType = text.plist.xml; path = "2304GesturesTestHWTests-Info.plist"; sourceTree = "<group>"; };
		3E960A1518D5DF8400FE88C2 /* en */ = {isa = PBXFileReference; lastKnownFileType = text.plist.strings; name = en; path = en.lproj/InfoPlist.strings; sourceTree = "<group>"; };
		3E960A1718D5DF8400FE88C2 /* _304GesturesTestHWTests.m */ = {isa = PBXFileReference; lastKnownFileType = sourcecode.c.objc; path = _304GesturesTestHWTests.m; sourceTree = "<group>"; };
		3E960A2318D5DFC700FE88C2 /* Totoro.gif */ = {isa = PBXFileReference; lastKnownFileType = image.gif; path = Totoro.gif; sourceTree = "<group>"; };
		3E960A2718D5E00C00FE88C2 /* UIImageAnimatedGIF.h */ = {isa = PBXFileReference; fileEncoding = 4; lastKnownFileType = sourcecode.c.h; path = UIImageAnimatedGIF.h; sourceTree = "<group>"; };
		3E960A2818D5E00C00FE88C2 /* UIImageAnimatedGIF.m */ = {isa = PBXFileReference; fileEncoding = 4; lastKnownFileType = sourcecode.c.objc; path = UIImageAnimatedGIF.m; sourceTree = "<group>"; };
/* End PBXFileReference section */

/* Begin PBXFrameworksBuildPhase section */
		3E9609E618D5DF8300FE88C2 /* Frameworks */ = {
			isa = PBXFrameworksBuildPhase;
			buildActionMask = 2147483647;
			files = (
				3E9609EF18D5DF8300FE88C2 /* CoreGraphics.framework in Frameworks */,
				3E9609F118D5DF8300FE88C2 /* UIKit.framework in Frameworks */,
				3E9609ED18D5DF8300FE88C2 /* Foundation.framework in Frameworks */,
			);
			runOnlyForDeploymentPostprocessing = 0;
		};
		3E960A0718D5DF8400FE88C2 /* Frameworks */ = {
			isa = PBXFrameworksBuildPhase;
			buildActionMask = 2147483647;
			files = (
				3E960A0C18D5DF8400FE88C2 /* XCTest.framework in Frameworks */,
				3E960A0E18D5DF8400FE88C2 /* UIKit.framework in Frameworks */,
				3E960A0D18D5DF8400FE88C2 /* Foundation.framework in Frameworks */,
			);
			runOnlyForDeploymentPostprocessing = 0;
		};
/* End PBXFrameworksBuildPhase section */

/* Begin PBXGroup section */
		3E9609E018D5DF8300FE88C2 = {
			isa = PBXGroup;
			children = (
				3E9609F218D5DF8400FE88C2 /* 2304GesturesTestHW */,
				3E960A1118D5DF8400FE88C2 /* 2304GesturesTestHWTests */,
				3E9609EB18D5DF8300FE88C2 /* Frameworks */,
				3E9609EA18D5DF8300FE88C2 /* Products */,
			);
			sourceTree = "<group>";
		};
		3E9609EA18D5DF8300FE88C2 /* Products */ = {
			isa = PBXGroup;
			children = (
				3E9609E918D5DF8300FE88C2 /* 2304GesturesTestHW.app */,
				3E960A0A18D5DF8400FE88C2 /* 2304GesturesTestHWTests.xctest */,
			);
			name = Products;
			sourceTree = "<group>";
		};
		3E9609EB18D5DF8300FE88C2 /* Frameworks */ = {
			isa = PBXGroup;
			children = (
				3E9609EC18D5DF8300FE88C2 /* Foundation.framework */,
				3E9609EE18D5DF8300FE88C2 /* CoreGraphics.framework */,
				3E9609F018D5DF8300FE88C2 /* UIKit.framework */,
				3E960A0B18D5DF8400FE88C2 /* XCTest.framework */,
			);
			name = Frameworks;
			sourceTree = "<group>";
		};
		3E9609F218D5DF8400FE88C2 /* 2304GesturesTestHW */ = {
			isa = PBXGroup;
			children = (
				3E960A2618D5DFF100FE88C2 /* gifCategory */,
				3E960A2118D5DFB000FE88C2 /* Assets */,
				3E9609FB18D5DF8400FE88C2 /* RITAppDelegate.h */,
				3E9609FC18D5DF8400FE88C2 /* RITAppDelegate.m */,
				3E9609FE18D5DF8400FE88C2 /* Main.storyboard */,
				3E960A0118D5DF8400FE88C2 /* RITViewController.h */,
				3E960A0218D5DF8400FE88C2 /* RITViewController.m */,
				3E960A0418D5DF8400FE88C2 /* Images.xcassets */,
				3E9609F318D5DF8400FE88C2 /* Supporting Files */,
			);
			path = 2304GesturesTestHW;
			sourceTree = "<group>";
		};
		3E9609F318D5DF8400FE88C2 /* Supporting Files */ = {
			isa = PBXGroup;
			children = (
				3E9609F418D5DF8400FE88C2 /* 2304GesturesTestHW-Info.plist */,
				3E9609F518D5DF8400FE88C2 /* InfoPlist.strings */,
				3E9609F818D5DF8400FE88C2 /* main.m */,
				3E9609FA18D5DF8400FE88C2 /* 2304GesturesTestHW-Prefix.pch */,
			);
			name = "Supporting Files";
			sourceTree = "<group>";
		};
		3E960A1118D5DF8400FE88C2 /* 2304GesturesTestHWTests */ = {
			isa = PBXGroup;
			children = (
				3E960A1718D5DF8400FE88C2 /* _304GesturesTestHWTests.m */,
				3E960A1218D5DF8400FE88C2 /* Supporting Files */,
			);
			path = 2304GesturesTestHWTests;
			sourceTree = "<group>";
		};
		3E960A1218D5DF8400FE88C2 /* Supporting Files */ = {
			isa = PBXGroup;
			children = (
				3E960A1318D5DF8400FE88C2 /* 2304GesturesTestHWTests-Info.plist */,
				3E960A1418D5DF8400FE88C2 /* InfoPlist.strings */,
			);
			name = "Supporting Files";
			sourceTree = "<group>";
		};
		3E960A2118D5DFB000FE88C2 /* Assets */ = {
			isa = PBXGroup;
			children = (
				3E960A2318D5DFC700FE88C2 /* Totoro.gif */,
			);
			name = Assets;
			sourceTree = "<group>";
		};
		3E960A2618D5DFF100FE88C2 /* gifCategory */ = {
			isa = PBXGroup;
			children = (
				3E960A2718D5E00C00FE88C2 /* UIImageAnimatedGIF.h */,
				3E960A2818D5E00C00FE88C2 /* UIImageAnimatedGIF.m */,
			);
			name = gifCategory;
			sourceTree = "<group>";
		};
/* End PBXGroup section */

/* Begin PBXNativeTarget section */
		3E9609E818D5DF8300FE88C2 /* 2304GesturesTestHW */ = {
			isa = PBXNativeTarget;
			buildConfigurationList = 3E960A1B18D5DF8400FE88C2 /* Build configuration list for PBXNativeTarget "2304GesturesTestHW" */;
			buildPhases = (
				3E9609E518D5DF8300FE88C2 /* Sources */,
				3E9609E618D5DF8300FE88C2 /* Frameworks */,
				3E9609E718D5DF8300FE88C2 /* Resources */,
			);
			buildRules = (
			);
			dependencies = (
			);
			name = 2304GesturesTestHW;
			productName = 2304GesturesTestHW;
			productReference = 3E9609E918D5DF8300FE88C2 /* 2304GesturesTestHW.app */;
			productType = "com.apple.product-type.application";
		};
		3E960A0918D5DF8400FE88C2 /* 2304GesturesTestHWTests */ = {
			isa = PBXNativeTarget;
			buildConfigurationList = 3E960A1E18D5DF8400FE88C2 /* Build configuration list for PBXNativeTarget "2304GesturesTestHWTests" */;
			buildPhases = (
				3E960A0618D5DF8400FE88C2 /* Sources */,
				3E960A0718D5DF8400FE88C2 /* Frameworks */,
				3E960A0818D5DF8400FE88C2 /* Resources */,
			);
			buildRules = (
			);
			dependencies = (
				3E960A1018D5DF8400FE88C2 /* PBXTargetDependency */,
			);
			name = 2304GesturesTestHWTests;
			productName = 2304GesturesTestHWTests;
			productReference = 3E960A0A18D5DF8400FE88C2 /* 2304GesturesTestHWTests.xctest */;
			productType = "com.apple.product-type.bundle.unit-test";
		};
/* End PBXNativeTarget section */

/* Begin PBXProject section */
		3E9609E118D5DF8300FE88C2 /* Project object */ = {
			isa = PBXProject;
			attributes = {
				CLASSPREFIX = RIT;
				LastUpgradeCheck = 0510;
				ORGANIZATIONNAME = "Aleksandr Pronin";
				TargetAttributes = {
					3E960A0918D5DF8400FE88C2 = {
						TestTargetID = 3E9609E818D5DF8300FE88C2;
					};
				};
			};
			buildConfigurationList = 3E9609E418D5DF8300FE88C2 /* Build configuration list for PBXProject "2304GesturesTestHW" */;
			compatibilityVersion = "Xcode 3.2";
			developmentRegion = English;
			hasScannedForEncodings = 0;
			knownRegions = (
				en,
				Base,
			);
			mainGroup = 3E9609E018D5DF8300FE88C2;
			productRefGroup = 3E9609EA18D5DF8300FE88C2 /* Products */;
			projectDirPath = "";
			projectRoot = "";
			targets = (
				3E9609E818D5DF8300FE88C2 /* 2304GesturesTestHW */,
				3E960A0918D5DF8400FE88C2 /* 2304GesturesTestHWTests */,
			);
		};
/* End PBXProject section */

/* Begin PBXResourcesBuildPhase section */
		3E9609E718D5DF8300FE88C2 /* Resources */ = {
			isa = PBXResourcesBuildPhase;
			buildActionMask = 2147483647;
			files = (
				3E960A0518D5DF8400FE88C2 /* Images.xcassets in Resources */,
				3E9609F718D5DF8400FE88C2 /* InfoPlist.strings in Resources */,
				3E960A2518D5DFC700FE88C2 /* Totoro.gif in Resources */,
				3E960A0018D5DF8400FE88C2 /* Main.storyboard in Resources */,
			);
			runOnlyForDeploymentPostprocessing = 0;
		};
		3E960A0818D5DF8400FE88C2 /* Resources */ = {
			isa = PBXResourcesBuildPhase;
			buildActionMask = 2147483647;
			files = (
				3E960A1618D5DF8400FE88C2 /* InfoPlist.strings in Resources */,
			);
			runOnlyForDeploymentPostprocessing = 0;
		};
/* End PBXResourcesBuildPhase section */

/* Begin PBXSourcesBuildPhase section */
		3E9609E518D5DF8300FE88C2 /* Sources */ = {
			isa = PBXSourcesBuildPhase;
			buildActionMask = 2147483647;
			files = (
				3E9609FD18D5DF8400FE88C2 /* RITAppDelegate.m in Sources */,
				3E960A2918D5E00C00FE88C2 /* UIImageAnimatedGIF.m in Sources */,
				3E9609F918D5DF8400FE88C2 /* main.m in Sources */,
				3E960A0318D5DF8400FE88C2 /* RITViewController.m in Sources */,
			);
			runOnlyForDeploymentPostprocessing = 0;
		};
		3E960A0618D5DF8400FE88C2 /* Sources */ = {
			isa = PBXSourcesBuildPhase;
			buildActionMask = 2147483647;
			files = (
				3E960A1818D5DF8400FE88C2 /* _304GesturesTestHWTests.m in Sources */,
			);
			runOnlyForDeploymentPostprocessing = 0;
		};
/* End PBXSourcesBuildPhase section */

/* Begin PBXTargetDependency section */
		3E960A1018D5DF8400FE88C2 /* PBXTargetDependency */ = {
			isa = PBXTargetDependency;
			target = 3E9609E818D5DF8300FE88C2 /* 2304GesturesTestHW */;
			targetProxy = 3E960A0F18D5DF8400FE88C2 /* PBXContainerItemProxy */;
		};
/* End PBXTargetDependency section */

/* Begin PBXVariantGroup section */
		3E9609F518D5DF8400FE88C2 /* InfoPlist.strings */ = {
			isa = PBXVariantGroup;
			children = (
				3E9609F618D5DF8400FE88C2 /* en */,
			);
			name = InfoPlist.strings;
			sourceTree = "<group>";
		};
		3E9609FE18D5DF8400FE88C2 /* Main.storyboard */ = {
			isa = PBXVariantGroup;
			children = (
				3E9609FF18D5DF8400FE88C2 /* Base */,
			);
			name = Main.storyboard;
			sourceTree = "<group>";
		};
		3E960A1418D5DF8400FE88C2 /* InfoPlist.strings */ = {
			isa = PBXVariantGroup;
			children = (
				3E960A1518D5DF8400FE88C2 /* en */,
			);
			name = InfoPlist.strings;
			sourceTree = "<group>";
		};
/* End PBXVariantGroup section */

/* Begin XCBuildConfiguration section */
		3E960A1918D5DF8400FE88C2 /* Debug */ = {
			isa = XCBuildConfiguration;
			buildSettings = {
				ALWAYS_SEARCH_USER_PATHS = NO;
				CLANG_CXX_LANGUAGE_STANDARD = "gnu++0x";
				CLANG_CXX_LIBRARY = "libc++";
				CLANG_ENABLE_MODULES = YES;
				CLANG_ENABLE_OBJC_ARC = YES;
				CLANG_WARN_BOOL_CONVERSION = YES;
				CLANG_WARN_CONSTANT_CONVERSION = YES;
				CLANG_WARN_DIRECT_OBJC_ISA_USAGE = YES_ERROR;
				CLANG_WARN_EMPTY_BODY = YES;
				CLANG_WARN_ENUM_CONVERSION = YES;
				CLANG_WARN_INT_CONVERSION = YES;
				CLANG_WARN_OBJC_ROOT_CLASS = YES_ERROR;
				CLANG_WARN__DUPLICATE_METHOD_MATCH = YES;
				"CODE_SIGN_IDENTITY[sdk=iphoneos*]" = "iPhone Developer";
				COPY_PHASE_STRIP = NO;
				GCC_C_LANGUAGE_STANDARD = gnu99;
				GCC_DYNAMIC_NO_PIC = NO;
				GCC_OPTIMIZATION_LEVEL = 0;
				GCC_PREPROCESSOR_DEFINITIONS = (
					"DEBUG=1",
					"$(inherited)",
				);
				GCC_SYMBOLS_PRIVATE_EXTERN = NO;
				GCC_WARN_64_TO_32_BIT_CONVERSION = YES;
				GCC_WARN_ABOUT_RETURN_TYPE = YES_ERROR;
				GCC_WARN_UNDECLARED_SELECTOR = YES;
				GCC_WARN_UNINITIALIZED_AUTOS = YES_AGGRESSIVE;
				GCC_WARN_UNUSED_FUNCTION = YES;
				GCC_WARN_UNUSED_VARIABLE = YES;
				IPHONEOS_DEPLOYMENT_TARGET = 7.1;
				ONLY_ACTIVE_ARCH = YES;
				SDKROOT = iphoneos;
				TARGETED_DEVICE_FAMILY = 2;
			};
			name = Debug;
		};
		3E960A1A18D5DF8400FE88C2 /* Release */ = {
			isa = XCBuildConfiguration;
			buildSettings = {
				ALWAYS_SEARCH_USER_PATHS = NO;
				CLANG_CXX_LANGUAGE_STANDARD = "gnu++0x";
				CLANG_CXX_LIBRARY = "libc++";
				CLANG_ENABLE_MODULES = YES;
				CLANG_ENABLE_OBJC_ARC = YES;
				CLANG_WARN_BOOL_CONVERSION = YES;
				CLANG_WARN_CONSTANT_CONVERSION = YES;
				CLANG_WARN_DIRECT_OBJC_ISA_USAGE = YES_ERROR;
				CLANG_WARN_EMPTY_BODY = YES;
				CLANG_WARN_ENUM_CONVERSION = YES;
				CLANG_WARN_INT_CONVERSION = YES;
				CLANG_WARN_OBJC_ROOT_CLASS = YES_ERROR;
				CLANG_WARN__DUPLICATE_METHOD_MATCH = YES;
				"CODE_SIGN_IDENTITY[sdk=iphoneos*]" = "iPhone Developer";
				COPY_PHASE_STRIP = YES;
				ENABLE_NS_ASSERTIONS = NO;
				GCC_C_LANGUAGE_STANDARD = gnu99;
				GCC_WARN_64_TO_32_BIT_CONVERSION = YES;
				GCC_WARN_ABOUT_RETURN_TYPE = YES_ERROR;
				GCC_WARN_UNDECLARED_SELECTOR = YES;
				GCC_WARN_UNINITIALIZED_AUTOS = YES_AGGRESSIVE;
				GCC_WARN_UNUSED_FUNCTION = YES;
				GCC_WARN_UNUSED_VARIABLE = YES;
				IPHONEOS_DEPLOYMENT_TARGET = 7.1;
				SDKROOT = iphoneos;
				TARGETED_DEVICE_FAMILY = 2;
				VALIDATE_PRODUCT = YES;
			};
			name = Release;
		};
		3E960A1C18D5DF8400FE88C2 /* Debug */ = {
			isa = XCBuildConfiguration;
			buildSettings = {
				ASSETCATALOG_COMPILER_APPICON_NAME = AppIcon;
				ASSETCATALOG_COMPILER_LAUNCHIMAGE_NAME = LaunchImage;
				GCC_PRECOMPILE_PREFIX_HEADER = YES;
				GCC_PREFIX_HEADER = "2304GesturesTestHW/2304GesturesTestHW-Prefix.pch";
				INFOPLIST_FILE = "2304GesturesTestHW/2304GesturesTestHW-Info.plist";
				PRODUCT_NAME = "$(TARGET_NAME)";
				WRAPPER_EXTENSION = app;
			};
			name = Debug;
		};
		3E960A1D18D5DF8400FE88C2 /* Release */ = {
			isa = XCBuildConfiguration;
			buildSettings = {
				ASSETCATALOG_COMPILER_APPICON_NAME = AppIcon;
				ASSETCATALOG_COMPILER_LAUNCHIMAGE_NAME = LaunchImage;
				GCC_PRECOMPILE_PREFIX_HEADER = YES;
				GCC_PREFIX_HEADER = "2304GesturesTestHW/2304GesturesTestHW-Prefix.pch";
				INFOPLIST_FILE = "2304GesturesTestHW/2304GesturesTestHW-Info.plist";
				PRODUCT_NAME = "$(TARGET_NAME)";
				WRAPPER_EXTENSION = app;
			};
			name = Release;
		};
		3E960A1F18D5DF8400FE88C2 /* Debug */ = {
			isa = XCBuildConfiguration;
			buildSettings = {
				BUNDLE_LOADER = "$(BUILT_PRODUCTS_DIR)/2304GesturesTestHW.app/2304GesturesTestHW";
				FRAMEWORK_SEARCH_PATHS = (
					"$(SDKROOT)/Developer/Library/Frameworks",
					"$(inherited)",
					"$(DEVELOPER_FRAMEWORKS_DIR)",
				);
				GCC_PRECOMPILE_PREFIX_HEADER = YES;
				GCC_PREFIX_HEADER = "2304GesturesTestHW/2304GesturesTestHW-Prefix.pch";
				GCC_PREPROCESSOR_DEFINITIONS = (
					"DEBUG=1",
					"$(inherited)",
				);
				INFOPLIST_FILE = "2304GesturesTestHWTests/2304GesturesTestHWTests-Info.plist";
				PRODUCT_NAME = "$(TARGET_NAME)";
				TEST_HOST = "$(BUNDLE_LOADER)";
				WRAPPER_EXTENSION = xctest;
			};
			name = Debug;
		};
		3E960A2018D5DF8400FE88C2 /* Release */ = {
			isa = XCBuildConfiguration;
			buildSettings = {
				BUNDLE_LOADER = "$(BUILT_PRODUCTS_DIR)/2304GesturesTestHW.app/2304GesturesTestHW";
				FRAMEWORK_SEARCH_PATHS = (
					"$(SDKROOT)/Developer/Library/Frameworks",
					"$(inherited)",
					"$(DEVELOPER_FRAMEWORKS_DIR)",
				);
				GCC_PRECOMPILE_PREFIX_HEADER = YES;
				GCC_PREFIX_HEADER = "2304GesturesTestHW/2304GesturesTestHW-Prefix.pch";
				INFOPLIST_FILE = "2304GesturesTestHWTests/2304GesturesTestHWTests-Info.plist";
				PRODUCT_NAME = "$(TARGET_NAME)";
				TEST_HOST = "$(BUNDLE_LOADER)";
				WRAPPER_EXTENSION = xctest;
			};
			name = Release;
		};
/* End XCBuildConfiguration section */

/* Begin XCConfigurationList section */
		3E9609E418D5DF8300FE88C2 /* Build configuration list for PBXProject "2304GesturesTestHW" */ = {
			isa = XCConfigurationList;
			buildConfigurations = (
				3E960A1918D5DF8400FE88C2 /* Debug */,
				3E960A1A18D5DF8400FE88C2 /* Release */,
			);
			defaultConfigurationIsVisible = 0;
			defaultConfigurationName = Release;
		};
		3E960A1B18D5DF8400FE88C2 /* Build configuration list for PBXNativeTarget "2304GesturesTestHW" */ = {
			isa = XCConfigurationList;
			buildConfigurations = (
				3E960A1C18D5DF8400FE88C2 /* Debug */,
				3E960A1D18D5DF8400FE88C2 /* Release */,
			);
			defaultConfigurationIsVisible = 0;
		};
		3E960A1E18D5DF8400FE88C2 /* Build configuration list for PBXNativeTarget "2304GesturesTestHWTests" */ = {
			isa = XCConfigurationList;
			buildConfigurations = (
				3E960A1F18D5DF8400FE88C2 /* Debug */,
				3E960A2018D5DF8400FE88C2 /* Release */,
			);
			defaultConfigurationIsVisible = 0;
		};
/* End XCConfigurationList section */
	};
	rootObject = 3E9609E118D5DF8300FE88C2 /* Project object */;
}
